
Microsoft Visual Studio Solution File, Format Version 12.00
# Visual Studio 15
VisualStudioVersion = 15.0.28307.757
MinimumVisualStudioVersion = 10.0.40219.1
Project("{FAE04EC0-301F-11D3-BF4B-00C04F79EFBC}") = "0703A1Arrayminimax", "0703A1Arrayminimax\0703A1Arrayminimax.csproj", "{592359A5-52C7-4A32-951F-AAF3A09486B1}"
EndProject
Global
	GlobalSection(SolutionConfigurationPlatforms) = preSolution
		Debug|Any CPU = Debug|Any CPU
		Release|Any CPU = Release|Any CPU
	EndGlobalSection
	GlobalSection(ProjectConfigurationPlatforms) = postSolution
		{592359A5-52C7-4A32-951F-AAF3A09486B1}.Debug|Any CPU.ActiveCfg = Debug|Any CPU
		{592359A5-52C7-4A32-951F-AAF3A09486B1}.Debug|Any CPU.Build.0 = Debug|Any CPU
		{592359A5-52C7-4A32-951F-AAF3A09486B1}.Release|Any CPU.ActiveCfg = Release|Any CPU
		{592359A5-52C7-4A32-951F-AAF3A09486B1}.Release|Any CPU.Build.0 = Release|Any CPU
	EndGlobalSection
	GlobalSection(SolutionProperties) = preSolution
		HideSolutionNode = FALSE
	EndGlobalSection
	GlobalSection(ExtensibilityGlobals) = postSolution
		SolutionGuid = {51ED56E9-8EFC-478D-8B45-DB293E9D63D5}
	EndGlobalSection
EndGlobal
